
Microsoft Visual Studio Solution File, Format Version 12.00
# Visual Studio Version 17
VisualStudioVersion = 17.3.32825.248
MinimumVisualStudioVersion = 10.0.40219.1
Project("{FAE04EC0-301F-11D3-BF4B-00C04F79EFBC}") = "Fahrenheit.Core.X", "Fahrenheit.Core.X\Fahrenheit.Core.X.csproj", "{C3F3CB85-D115-4661-B4C9-D344CC238C2B}"
EndProject
Project("{FAE04EC0-301F-11D3-BF4B-00C04F79EFBC}") = "Fahrenheit.Core.X2", "Fahrenheit.Core.X2\Fahrenheit.Core.X2.csproj", "{28041EFD-BAFC-4FD6-B40D-4AB96B13FDAB}"
EndProject
Global
	GlobalSection(SolutionConfigurationPlatforms) = preSolution
		Debug|Any CPU = Debug|Any CPU
		Release|Any CPU = Release|Any CPU
	EndGlobalSection
	GlobalSection(ProjectConfigurationPlatforms) = postSolution
		{C3F3CB85-D115-4661-B4C9-D344CC238C2B}.Debug|Any CPU.ActiveCfg = Debug|Any CPU
		{C3F3CB85-D115-4661-B4C9-D344CC238C2B}.Debug|Any CPU.Build.0 = Debug|Any CPU
		{C3F3CB85-D115-4661-B4C9-D344CC238C2B}.Release|Any CPU.ActiveCfg = Release|Any CPU
		{C3F3CB85-D115-4661-B4C9-D344CC238C2B}.Release|Any CPU.Build.0 = Release|Any CPU
		{28041EFD-BAFC-4FD6-B40D-4AB96B13FDAB}.Debug|Any CPU.ActiveCfg = Debug|Any CPU
		{28041EFD-BAFC-4FD6-B40D-4AB96B13FDAB}.Debug|Any CPU.Build.0 = Debug|Any CPU
		{28041EFD-BAFC-4FD6-B40D-4AB96B13FDAB}.Release|Any CPU.ActiveCfg = Release|Any CPU
		{28041EFD-BAFC-4FD6-B40D-4AB96B13FDAB}.Release|Any CPU.Build.0 = Release|Any CPU
	EndGlobalSection
	GlobalSection(SolutionProperties) = preSolution
		HideSolutionNode = FALSE
	EndGlobalSection
	GlobalSection(ExtensibilityGlobals) = postSolution
		SolutionGuid = {9A38F14B-89CA-4165-9339-FB3F08933AEE}
	EndGlobalSection
EndGlobal
