
Microsoft Visual Studio Solution File, Format Version 12.00
# Visual Studio Version 17
VisualStudioVersion = 17.3.32825.248
MinimumVisualStudioVersion = 10.0.40219.1
Project("{9A19103F-16F7-4668-BE54-9A1E7A4F7556}") = "Fahrenheit.Core.X", "Fahrenheit.Core.X\Fahrenheit.Core.X.csproj", "{C3F3CB85-D115-4661-B4C9-D344CC238C2B}"
EndProject
Project("{9A19103F-16F7-4668-BE54-9A1E7A4F7556}") = "Fahrenheit.Core.X2", "Fahrenheit.Core.X2\Fahrenheit.Core.X2.csproj", "{28041EFD-BAFC-4FD6-B40D-4AB96B13FDAB}"
EndProject
Project("{9A19103F-16F7-4668-BE54-9A1E7A4F7556}") = "Fahrenheit.TestRig", "Fahrenheit.TestRig\Fahrenheit.TestRig.csproj", "{07C47D8A-3C70-440A-B64C-A7260A5B7FEE}"
EndProject
Project("{9A19103F-16F7-4668-BE54-9A1E7A4F7556}") = "Fahrenheit.Common", "Fahrenheit.Common\Fahrenheit.Common.csproj", "{12E84C06-78C9-46AF-8817-289A3B0A0DF7}"
EndProject
Project("{9A19103F-16F7-4668-BE54-9A1E7A4F7556}") = "Fahrenheit.SGen", "Fahrenheit.SGen\Fahrenheit.SGen.csproj", "{1DEFE0D4-519E-4D28-8782-C4D620CD332D}"
EndProject
Project("{FAE04EC0-301F-11D3-BF4B-00C04F79EFBC}") = "Fahrenheit.DEdit", "Fahrenheit.DEdit\Fahrenheit.DEdit.csproj", "{6B6278E1-B15C-42F1-A435-A1BD26178205}"
EndProject
Global
	GlobalSection(SolutionConfigurationPlatforms) = preSolution
		Debug|Any CPU = Debug|Any CPU
		Release|Any CPU = Release|Any CPU
	EndGlobalSection
	GlobalSection(ProjectConfigurationPlatforms) = postSolution
		{C3F3CB85-D115-4661-B4C9-D344CC238C2B}.Debug|Any CPU.ActiveCfg = Debug|Any CPU
		{C3F3CB85-D115-4661-B4C9-D344CC238C2B}.Debug|Any CPU.Build.0 = Debug|Any CPU
		{C3F3CB85-D115-4661-B4C9-D344CC238C2B}.Release|Any CPU.ActiveCfg = Release|Any CPU
		{C3F3CB85-D115-4661-B4C9-D344CC238C2B}.Release|Any CPU.Build.0 = Release|Any CPU
		{28041EFD-BAFC-4FD6-B40D-4AB96B13FDAB}.Debug|Any CPU.ActiveCfg = Debug|Any CPU
		{28041EFD-BAFC-4FD6-B40D-4AB96B13FDAB}.Debug|Any CPU.Build.0 = Debug|Any CPU
		{28041EFD-BAFC-4FD6-B40D-4AB96B13FDAB}.Release|Any CPU.ActiveCfg = Release|Any CPU
		{28041EFD-BAFC-4FD6-B40D-4AB96B13FDAB}.Release|Any CPU.Build.0 = Release|Any CPU
		{07C47D8A-3C70-440A-B64C-A7260A5B7FEE}.Debug|Any CPU.ActiveCfg = Debug|Any CPU
		{07C47D8A-3C70-440A-B64C-A7260A5B7FEE}.Debug|Any CPU.Build.0 = Debug|Any CPU
		{07C47D8A-3C70-440A-B64C-A7260A5B7FEE}.Release|Any CPU.ActiveCfg = Release|Any CPU
		{07C47D8A-3C70-440A-B64C-A7260A5B7FEE}.Release|Any CPU.Build.0 = Release|Any CPU
		{12E84C06-78C9-46AF-8817-289A3B0A0DF7}.Debug|Any CPU.ActiveCfg = Debug|Any CPU
		{12E84C06-78C9-46AF-8817-289A3B0A0DF7}.Debug|Any CPU.Build.0 = Debug|Any CPU
		{12E84C06-78C9-46AF-8817-289A3B0A0DF7}.Release|Any CPU.ActiveCfg = Release|Any CPU
		{12E84C06-78C9-46AF-8817-289A3B0A0DF7}.Release|Any CPU.Build.0 = Release|Any CPU
		{1DEFE0D4-519E-4D28-8782-C4D620CD332D}.Debug|Any CPU.ActiveCfg = Debug|Any CPU
		{1DEFE0D4-519E-4D28-8782-C4D620CD332D}.Debug|Any CPU.Build.0 = Debug|Any CPU
		{1DEFE0D4-519E-4D28-8782-C4D620CD332D}.Release|Any CPU.ActiveCfg = Release|Any CPU
		{1DEFE0D4-519E-4D28-8782-C4D620CD332D}.Release|Any CPU.Build.0 = Release|Any CPU
		{6B6278E1-B15C-42F1-A435-A1BD26178205}.Debug|Any CPU.ActiveCfg = Debug|Any CPU
		{6B6278E1-B15C-42F1-A435-A1BD26178205}.Debug|Any CPU.Build.0 = Debug|Any CPU
		{6B6278E1-B15C-42F1-A435-A1BD26178205}.Release|Any CPU.ActiveCfg = Release|Any CPU
		{6B6278E1-B15C-42F1-A435-A1BD26178205}.Release|Any CPU.Build.0 = Release|Any CPU
	EndGlobalSection
	GlobalSection(SolutionProperties) = preSolution
		HideSolutionNode = FALSE
	EndGlobalSection
	GlobalSection(ExtensibilityGlobals) = postSolution
		SolutionGuid = {9A38F14B-89CA-4165-9339-FB3F08933AEE}
	EndGlobalSection
EndGlobal
